
Microsoft Visual Studio Solution File, Format Version 12.00
# Visual Studio 14
VisualStudioVersion = 14.0.25420.1
MinimumVisualStudioVersion = 10.0.40219.1
Project("{8BC9CEB8-8B4A-11D0-8D11-00A0C91BC942}") = "L6 Chelsea Christison", "L6 Chelsea Christison\L6 Chelsea Christison.vcxproj", "{E7517E90-6B7C-4ABC-B56E-DA4FF6F36965}"
EndProject
Global
	GlobalSection(SolutionConfigurationPlatforms) = preSolution
		Debug|x64 = Debug|x64
		Debug|x86 = Debug|x86
		Release|x64 = Release|x64
		Release|x86 = Release|x86
	EndGlobalSection
	GlobalSection(ProjectConfigurationPlatforms) = postSolution
		{E7517E90-6B7C-4ABC-B56E-DA4FF6F36965}.Debug|x64.ActiveCfg = Debug|x64
		{E7517E90-6B7C-4ABC-B56E-DA4FF6F36965}.Debug|x64.Build.0 = Debug|x64
		{E7517E90-6B7C-4ABC-B56E-DA4FF6F36965}.Debug|x86.ActiveCfg = Debug|Win32
		{E7517E90-6B7C-4ABC-B56E-DA4FF6F36965}.Debug|x86.Build.0 = Debug|Win32
		{E7517E90-6B7C-4ABC-B56E-DA4FF6F36965}.Release|x64.ActiveCfg = Release|x64
		{E7517E90-6B7C-4ABC-B56E-DA4FF6F36965}.Release|x64.Build.0 = Release|x64
		{E7517E90-6B7C-4ABC-B56E-DA4FF6F36965}.Release|x86.ActiveCfg = Release|Win32
		{E7517E90-6B7C-4ABC-B56E-DA4FF6F36965}.Release|x86.Build.0 = Release|Win32
	EndGlobalSection
	GlobalSection(SolutionProperties) = preSolution
		HideSolutionNode = FALSE
	EndGlobalSection
	GlobalSection(TeamFoundationVersionControl) = preSolution
		SccNumberOfProjects = 2
		SccEnterpriseProvider = {4CA58AB2-18FA-4F8D-95D4-32DDF27D184C}
		SccTeamFoundationServer = https://cchristison.visualstudio.com/
		SccLocalPath0 = .
		SccProjectUniqueName1 = L6\u0020Chelsea\u0020Christison\\L6\u0020Chelsea\u0020Christison.vcxproj
		SccProjectName1 = L6\u0020Chelsea\u0020Christison
		SccLocalPath1 = L6\u0020Chelsea\u0020Christison
	EndGlobalSection
EndGlobal
